
Microsoft Visual Studio Solution File, Format Version 12.00
# Visual Studio Version 16
VisualStudioVersion = 16.0.31702.278
MinimumVisualStudioVersion = 10.0.40219.1
Project("{FAE04EC0-301F-11D3-BF4B-00C04F79EFBC}") = "Desafio01_Calculador", "Desafio01_Calculador\Desafio01_Calculador.csproj", "{7FBFD26D-7F6B-4B9A-9B62-6F62C1E81AB2}"
EndProject
Global
	GlobalSection(SolutionConfigurationPlatforms) = preSolution
		Debug|Any CPU = Debug|Any CPU
		Release|Any CPU = Release|Any CPU
	EndGlobalSection
	GlobalSection(ProjectConfigurationPlatforms) = postSolution
		{7FBFD26D-7F6B-4B9A-9B62-6F62C1E81AB2}.Debug|Any CPU.ActiveCfg = Debug|Any CPU
		{7FBFD26D-7F6B-4B9A-9B62-6F62C1E81AB2}.Debug|Any CPU.Build.0 = Debug|Any CPU
		{7FBFD26D-7F6B-4B9A-9B62-6F62C1E81AB2}.Release|Any CPU.ActiveCfg = Release|Any CPU
		{7FBFD26D-7F6B-4B9A-9B62-6F62C1E81AB2}.Release|Any CPU.Build.0 = Release|Any CPU
	EndGlobalSection
	GlobalSection(SolutionProperties) = preSolution
		HideSolutionNode = FALSE
	EndGlobalSection
	GlobalSection(ExtensibilityGlobals) = postSolution
		SolutionGuid = {306B8C1E-8E39-4B39-B114-FF0E2A7BA177}
	EndGlobalSection
EndGlobal
